
Microsoft Visual Studio Solution File, Format Version 12.00
# Visual Studio Version 17
VisualStudioVersion = 17.10.35013.160
MinimumVisualStudioVersion = 10.0.40219.1
Project("{9A19103F-16F7-4668-BE54-9A1E7A4F7556}") = "DotNetProject8", "DotNetProject8\DotNetProject8.csproj", "{603317D4-04F3-41C3-A9F6-C9927502E6E2}"
	ProjectSection(ProjectDependencies) = postProject
		{26C64D83-6FEA-4CC4-BC34-7922220BDF3B} = {26C64D83-6FEA-4CC4-BC34-7922220BDF3B}
		{2D36F568-EA4F-4681-93D0-311042704C0D} = {2D36F568-EA4F-4681-93D0-311042704C0D}
		{72C80EFD-91DB-40C6-9DAE-98DD39181DC4} = {72C80EFD-91DB-40C6-9DAE-98DD39181DC4}
	EndProjectSection
EndProject
Project("{9A19103F-16F7-4668-BE54-9A1E7A4F7556}") = "BookingMicroservice", "BookingMicroservice\BookingMicroservice.csproj", "{26C64D83-6FEA-4CC4-BC34-7922220BDF3B}"
EndProject
Project("{9A19103F-16F7-4668-BE54-9A1E7A4F7556}") = "ConsultantCalendarMicroservice", "ConsultantCalendarMicroservice\ConsultantCalendarMicroservice.csproj", "{2D36F568-EA4F-4681-93D0-311042704C0D}"
EndProject
Project("{9A19103F-16F7-4668-BE54-9A1E7A4F7556}") = "OcelotApiGW", "OcelotApiGW\OcelotApiGW.csproj", "{72C80EFD-91DB-40C6-9DAE-98DD39181DC4}"
EndProject
Project("{FAE04EC0-301F-11D3-BF4B-00C04F79EFBC}") = "BookingMicroserviceTests", "BookingMicroserviceTests\BookingMicroserviceTests.csproj", "{C773ADA0-DEC1-4020-A2D8-6EFF414AE406}"
EndProject
Project("{FAE04EC0-301F-11D3-BF4B-00C04F79EFBC}") = "ConsultantCalendarMicroserviceTests", "ConsultantCalendarMicroserviceTests\ConsultantCalendarMicroserviceTests.csproj", "{C7E39BEE-327A-4D24-ACB0-9E773515BB48}"
EndProject
Project("{FAE04EC0-301F-11D3-BF4B-00C04F79EFBC}") = "DotNetProject8Tests", "DotNetProject8Tests\DotNetProject8Tests.csproj", "{60854E19-7690-45CF-A09D-81AC32880417}"
EndProject
Global
	GlobalSection(SolutionConfigurationPlatforms) = preSolution
		Debug|Any CPU = Debug|Any CPU
		Release|Any CPU = Release|Any CPU
	EndGlobalSection
	GlobalSection(ProjectConfigurationPlatforms) = postSolution
		{603317D4-04F3-41C3-A9F6-C9927502E6E2}.Debug|Any CPU.ActiveCfg = Debug|Any CPU
		{603317D4-04F3-41C3-A9F6-C9927502E6E2}.Debug|Any CPU.Build.0 = Debug|Any CPU
		{603317D4-04F3-41C3-A9F6-C9927502E6E2}.Release|Any CPU.ActiveCfg = Release|Any CPU
		{603317D4-04F3-41C3-A9F6-C9927502E6E2}.Release|Any CPU.Build.0 = Release|Any CPU
		{26C64D83-6FEA-4CC4-BC34-7922220BDF3B}.Debug|Any CPU.ActiveCfg = Debug|Any CPU
		{26C64D83-6FEA-4CC4-BC34-7922220BDF3B}.Debug|Any CPU.Build.0 = Debug|Any CPU
		{26C64D83-6FEA-4CC4-BC34-7922220BDF3B}.Release|Any CPU.ActiveCfg = Release|Any CPU
		{26C64D83-6FEA-4CC4-BC34-7922220BDF3B}.Release|Any CPU.Build.0 = Release|Any CPU
		{2D36F568-EA4F-4681-93D0-311042704C0D}.Debug|Any CPU.ActiveCfg = Debug|Any CPU
		{2D36F568-EA4F-4681-93D0-311042704C0D}.Debug|Any CPU.Build.0 = Debug|Any CPU
		{2D36F568-EA4F-4681-93D0-311042704C0D}.Release|Any CPU.ActiveCfg = Release|Any CPU
		{2D36F568-EA4F-4681-93D0-311042704C0D}.Release|Any CPU.Build.0 = Release|Any CPU
		{72C80EFD-91DB-40C6-9DAE-98DD39181DC4}.Debug|Any CPU.ActiveCfg = Debug|Any CPU
		{72C80EFD-91DB-40C6-9DAE-98DD39181DC4}.Debug|Any CPU.Build.0 = Debug|Any CPU
		{72C80EFD-91DB-40C6-9DAE-98DD39181DC4}.Release|Any CPU.ActiveCfg = Release|Any CPU
		{72C80EFD-91DB-40C6-9DAE-98DD39181DC4}.Release|Any CPU.Build.0 = Release|Any CPU
		{C773ADA0-DEC1-4020-A2D8-6EFF414AE406}.Debug|Any CPU.ActiveCfg = Debug|Any CPU
		{C773ADA0-DEC1-4020-A2D8-6EFF414AE406}.Debug|Any CPU.Build.0 = Debug|Any CPU
		{C773ADA0-DEC1-4020-A2D8-6EFF414AE406}.Release|Any CPU.ActiveCfg = Release|Any CPU
		{C773ADA0-DEC1-4020-A2D8-6EFF414AE406}.Release|Any CPU.Build.0 = Release|Any CPU
		{C7E39BEE-327A-4D24-ACB0-9E773515BB48}.Debug|Any CPU.ActiveCfg = Debug|Any CPU
		{C7E39BEE-327A-4D24-ACB0-9E773515BB48}.Debug|Any CPU.Build.0 = Debug|Any CPU
		{C7E39BEE-327A-4D24-ACB0-9E773515BB48}.Release|Any CPU.ActiveCfg = Release|Any CPU
		{C7E39BEE-327A-4D24-ACB0-9E773515BB48}.Release|Any CPU.Build.0 = Release|Any CPU
		{60854E19-7690-45CF-A09D-81AC32880417}.Debug|Any CPU.ActiveCfg = Debug|Any CPU
		{60854E19-7690-45CF-A09D-81AC32880417}.Debug|Any CPU.Build.0 = Debug|Any CPU
		{60854E19-7690-45CF-A09D-81AC32880417}.Release|Any CPU.ActiveCfg = Release|Any CPU
		{60854E19-7690-45CF-A09D-81AC32880417}.Release|Any CPU.Build.0 = Release|Any CPU
	EndGlobalSection
	GlobalSection(SolutionProperties) = preSolution
		HideSolutionNode = FALSE
	EndGlobalSection
	GlobalSection(ExtensibilityGlobals) = postSolution
		SolutionGuid = {9FEBF06F-E50E-4403-8CF1-413262B4C883}
	EndGlobalSection
EndGlobal
